
Microsoft Visual Studio Solution File, Format Version 12.00
# Visual Studio Version 16
VisualStudioVersion = 16.0.30907.101
MinimumVisualStudioVersion = 10.0.40219.1
Project("{FAE04EC0-301F-11D3-BF4B-00C04F79EFBC}") = "CartaoVcard", "CartaoVcard.csproj", "{D9711282-16D2-4BEF-B5C0-FD0E79117384}"
EndProject
Global
	GlobalSection(SolutionConfigurationPlatforms) = preSolution
		Debug|Any CPU = Debug|Any CPU
		Release|Any CPU = Release|Any CPU
	EndGlobalSection
	GlobalSection(ProjectConfigurationPlatforms) = postSolution
		{D9711282-16D2-4BEF-B5C0-FD0E79117384}.Debug|Any CPU.ActiveCfg = Debug|Any CPU
		{D9711282-16D2-4BEF-B5C0-FD0E79117384}.Debug|Any CPU.Build.0 = Debug|Any CPU
		{D9711282-16D2-4BEF-B5C0-FD0E79117384}.Release|Any CPU.ActiveCfg = Release|Any CPU
		{D9711282-16D2-4BEF-B5C0-FD0E79117384}.Release|Any CPU.Build.0 = Release|Any CPU
	EndGlobalSection
	GlobalSection(SolutionProperties) = preSolution
		HideSolutionNode = FALSE
	EndGlobalSection
	GlobalSection(ExtensibilityGlobals) = postSolution
		SolutionGuid = {1F0A0833-3D6C-4823-8206-A96E44A22880}
	EndGlobalSection
EndGlobal
