
Microsoft Visual Studio Solution File, Format Version 12.00
# Visual Studio Version 16
VisualStudioVersion = 16.0.30907.101
MinimumVisualStudioVersion = 10.0.40219.1
Project("{FAE04EC0-301F-11D3-BF4B-00C04F79EFBC}") = "TelaInicial", "TelaInicial.csproj", "{7E1D50F1-1E33-4710-8FBD-E087AF7E60ED}"
EndProject
Global
	GlobalSection(SolutionConfigurationPlatforms) = preSolution
		Debug|Any CPU = Debug|Any CPU
		Release|Any CPU = Release|Any CPU
	EndGlobalSection
	GlobalSection(ProjectConfigurationPlatforms) = postSolution
		{7E1D50F1-1E33-4710-8FBD-E087AF7E60ED}.Debug|Any CPU.ActiveCfg = Debug|Any CPU
		{7E1D50F1-1E33-4710-8FBD-E087AF7E60ED}.Debug|Any CPU.Build.0 = Debug|Any CPU
		{7E1D50F1-1E33-4710-8FBD-E087AF7E60ED}.Release|Any CPU.ActiveCfg = Release|Any CPU
		{7E1D50F1-1E33-4710-8FBD-E087AF7E60ED}.Release|Any CPU.Build.0 = Release|Any CPU
	EndGlobalSection
	GlobalSection(SolutionProperties) = preSolution
		HideSolutionNode = FALSE
	EndGlobalSection
	GlobalSection(ExtensibilityGlobals) = postSolution
		SolutionGuid = {6BCAA6AD-2AE4-4EF1-8297-1AC15093AE4B}
	EndGlobalSection
EndGlobal
